version = 1
revision = 3
requires-python = ">=3.13"

[[package]]
name = "capstone-project"
version = "0.1.0"
source = { virtual = "." }
dependencies = [
    { name = "pymongo" },
    { name = "python-dotenv" },
]

[package.metadata]
requires-dist = [
    { name = "pymongo", specifier = ">=4.15.5" },
    { name = "python-dotenv", specifier = ">=1.2.1" },
]

[[package]]
name = "dnspython"
version = "2.8.0"
source = { registry = "https://pypi.org/simple" }
sdist = { url = "https://files.pythonhosted.org/packages/8c/8b/57666417c0f90f08bcafa776861060426765fdb422eb10212086fb811d26/dnspython-2.8.0.tar.gz", hash = "sha256:181d3c6996452cb1189c4046c61599b84a5a86e099562ffde77d26984ff26d0f", size = 368251, upload-time = "2025-09-07T18:58:00.022Z" }
wheels = [
    { url = "https://files.pythonhosted.org/packages/ba/5a/18ad964b0086c6e62e2e7500f7edc89e3faa45033c71c1893d34eed2b2de/dnspython-2.8.0-py3-none-any.whl", hash = "sha256:01d9bbc4a2d76bf0db7c1f729812ded6d912bd318d3b1cf81d30c0f845dbf3af", size = 331094, upload-time = "2025-09-07T18:57:58.071Z" },
]

[[package]]
name = "pymongo"
version = "4.15.5"
source = { registry = "https://pypi.org/simple" }
dependencies = [
    { name = "dnspython" },
]
sdist = { url = "https://files.pythonhosted.org/packages/24/a0/5c324fe6735b2bc189779ff46e981a59d495a74594f45542159125d77256/pymongo-4.15.5.tar.gz", hash = "sha256:3a8d6bf2610abe0c97c567cf98bf5bba3e90ccc93cc03c9dde75fa11e4267b42", size = 2471889, upload-time = "2025-12-02T18:44:30.992Z" }
wheels = [
    { url = "https://files.pythonhosted.org/packages/9b/92/e70db1a53bc0bb5defe755dee66b5dfbe5e514882183ffb696d6e1d38aa2/pymongo-4.15.5-cp313-cp313-macosx_10_13_x86_64.whl", hash = "sha256:2b736226f9001bbbd02f822acb9b9b6d28319f362f057672dfae2851f7da6125", size = 975324, upload-time = "2025-12-02T18:43:11.074Z" },
    { url = "https://files.pythonhosted.org/packages/a4/90/dd78c059a031b942fa36d71796e94a0739ea9fb4251fcd971e9579192611/pymongo-4.15.5-cp313-cp313-macosx_11_0_arm64.whl", hash = "sha256:60ea9f07fbbcc7c88f922082eb27436dce6756730fdef76a3a9b4c972d0a57a3", size = 975129, upload-time = "2025-12-02T18:43:13.345Z" },
    { url = "https://files.pythonhosted.org/packages/40/72/87cf1bb75ef296456912eb7c6d51ebe7a36dbbe9bee0b8a9cd02a62a8a6e/pymongo-4.15.5-cp313-cp313-manylinux1_i686.manylinux_2_28_i686.manylinux_2_5_i686.whl", hash = "sha256:20af63218ae42870eaee31fb8cc4ce9e3af7f04ea02fc98ad751fb7a9c8d7be3", size = 1950973, upload-time = "2025-12-02T18:43:15.225Z" },
    { url = "https://files.pythonhosted.org/packages/8c/68/dfa507c8e5cebee4e305825b436c34f5b9ba34488a224b7e112a03dbc01e/pymongo-4.15.5-cp313-cp313-manylinux2014_aarch64.manylinux_2_17_aarch64.manylinux_2_28_aarch64.whl", hash = "sha256:20d9c11625392f1f8dec7688de5ce344e110ca695344efa313ae4839f13bd017", size = 1995259, upload-time = "2025-12-02T18:43:16.869Z" },
    { url = "https://files.pythonhosted.org/packages/85/9d/832578e5ed7f682a09441bbc0881ffd506b843396ef4b34ec53bd38b2fb2/pymongo-4.15.5-cp313-cp313-manylinux2014_ppc64le.manylinux_2_17_ppc64le.manylinux_2_28_ppc64le.whl", hash = "sha256:1202b3e5357b161acb7b7cc98e730288a5c15544e5ef7254b33931cb9a27c36e", size = 2086591, upload-time = "2025-12-02T18:43:19.559Z" },
    { url = "https://files.pythonhosted.org/packages/0a/99/ca8342a0cefd2bb1392187ef8fe01432855e3b5cd1e640495246bcd65542/pymongo-4.15.5-cp313-cp313-manylinux2014_s390x.manylinux_2_17_s390x.manylinux_2_28_s390x.whl", hash = "sha256:63af710e9700dbf91abccf119c5f5533b9830286d29edb073803d3b252862c0d", size = 2070200, upload-time = "2025-12-02T18:43:21.214Z" },
    { url = "https://files.pythonhosted.org/packages/3f/7d/f4a9c1fceaaf71524ff9ff964cece0315dcc93df4999a49f064564875bff/pymongo-4.15.5-cp313-cp313-manylinux2014_x86_64.manylinux_2_17_x86_64.manylinux_2_28_x86_64.whl", hash = "sha256:f22eeb86861cf7b8ee6886361d52abb88e3cd96c6f6d102e45e2604fc6e9e316", size = 1985263, upload-time = "2025-12-02T18:43:23.415Z" },
    { url = "https://files.pythonhosted.org/packages/d8/15/f942535bcc6e22d3c26c7e730daf296ffe69d8ce474c430ea7e551f8cf33/pymongo-4.15.5-cp313-cp313-win32.whl", hash = "sha256:aad6efe82b085bf77cec2a047ded2c810e93eced3ccf1a8e3faec3317df3cd52", size = 938143, upload-time = "2025-12-02T18:43:26.081Z" },
    { url = "https://files.pythonhosted.org/packages/02/2a/c92a6927d676dd376d1ae05c680139c5cad068b22e5f0c8cb61014448894/pymongo-4.15.5-cp313-cp313-win_amd64.whl", hash = "sha256:ccc801f6d71ebee2ec2fb3acc64b218fa7cdb7f57933b2f8eee15396b662a0a0", size = 962603, upload-time = "2025-12-02T18:43:27.816Z" },
    { url = "https://files.pythonhosted.org/packages/3a/f0/cdf78e9ed9c26fb36b8d75561ebf3c7fe206ff1c3de2e1b609fccdf3a55b/pymongo-4.15.5-cp313-cp313-win_arm64.whl", hash = "sha256:f043abdf20845bf29a554e95e4fe18d7d7a463095d6a1547699a12f80da91e02", size = 944308, upload-time = "2025-12-02T18:43:29.371Z" },
    { url = "https://files.pythonhosted.org/packages/03/0c/49713e0f8f41110e8b2bcce7c88570b158cf43dd53a0d01d4e1c772c7ede/pymongo-4.15.5-cp314-cp314-macosx_10_15_x86_64.whl", hash = "sha256:ba0e75a390334221744e2666fd2d4c82419b580c9bc8d6e0d2d61459d263f3af", size = 1029996, upload-time = "2025-12-02T18:43:31.58Z" },
    { url = "https://files.pythonhosted.org/packages/23/de/1df5d7b49647e9e4511054f750c1109cb8e160763b286b96879917170618/pymongo-4.15.5-cp314-cp314-macosx_11_0_arm64.whl", hash = "sha256:853ec7da97642eabaf94d3de4453a86365729327d920af167bf14b2e87b24dce", size = 1029612, upload-time = "2025-12-02T18:43:33.69Z" },
    { url = "https://files.pythonhosted.org/packages/8b/19/3a051228e5beb0b421d725bb2ab5207a260c718d9b5be5b85cfe963733e3/pymongo-4.15.5-cp314-cp314-manylinux1_i686.manylinux_2_28_i686.manylinux_2_5_i686.whl", hash = "sha256:7631304106487480ebbd8acbe44ff1e69d1fdc27e83d9753dc1fd227cea10761", size = 2211814, upload-time = "2025-12-02T18:43:35.769Z" },
    { url = "https://files.pythonhosted.org/packages/bf/b3/989531a056c4388ef18245d1a6d6b3ec5c538666b000764286119efbf194/pymongo-4.15.5-cp314-cp314-manylinux2014_aarch64.manylinux_2_17_aarch64.manylinux_2_28_aarch64.whl", hash = "sha256:50505181365eba5d4d35c462870b3614c8eddd0b2407c89377c1a59380640dd9", size = 2264629, upload-time = "2025-12-02T18:43:37.479Z" },
    { url = "https://files.pythonhosted.org/packages/ea/5f/8b3339fec44d0ba6d9388a19340fb1534c85ab6aa9fd8fb9c1af146bb72a/pymongo-4.15.5-cp314-cp314-manylinux2014_ppc64le.manylinux_2_17_ppc64le.manylinux_2_28_ppc64le.whl", hash = "sha256:3b75ec7006471299a571d6db1c5609ea4aa9c847a701e9b2953a8ede705d82db", size = 2371823, upload-time = "2025-12-02T18:43:39.866Z" },
    { url = "https://files.pythonhosted.org/packages/d4/7f/706bf45cf12990b6cb73e6290b048944a51592de7a597052a761eea90b8d/pymongo-4.15.5-cp314-cp314-manylinux2014_s390x.manylinux_2_17_s390x.manylinux_2_28_s390x.whl", hash = "sha256:c3fc24cb1f4ec60ed83162d4bba0c26abc6c9ae78c928805583673f3b3ea6984", size = 2351860, upload-time = "2025-12-02T18:43:42.002Z" },
    { url = "https://files.pythonhosted.org/packages/f3/c5/fdcc81c20c67a61ba1073122c9ab42c937dd6f914004747e9ceefa4cead3/pymongo-4.15.5-cp314-cp314-manylinux2014_x86_64.manylinux_2_17_x86_64.manylinux_2_28_x86_64.whl", hash = "sha256:21d17bb2934b0640863361c08dd06991f128a97f9bee19425a499227be9ae6b4", size = 2251349, upload-time = "2025-12-02T18:43:43.924Z" },
    { url = "https://files.pythonhosted.org/packages/0c/1c/e540ccac0685b234a23574dce3c8e077cd59bcb73ab19bcab1915894d3a6/pymongo-4.15.5-cp314-cp314-win32.whl", hash = "sha256:5a3974236cb842b4ef50a5a6bfad9c7d83a713af68ea3592ba240bbcb863305a", size = 992901, upload-time = "2025-12-02T18:43:45.732Z" },
    { url = "https://files.pythonhosted.org/packages/89/31/eb72c53bc897cb50b57000d71ce9bdcfc9c84ba4c7f6d55348df47b241d8/pymongo-4.15.5-cp314-cp314-win_amd64.whl", hash = "sha256:73fa8a7eee44fd95ba7d5cf537340ff3ff34efeb1f7d6790532d0a6ed4dee575", size = 1021205, upload-time = "2025-12-02T18:43:47.756Z" },
    { url = "https://files.pythonhosted.org/packages/ea/4a/74a7cc350d60953d27b5636906b43b232b501cee07f70f6513ac603097e8/pymongo-4.15.5-cp314-cp314-win_arm64.whl", hash = "sha256:d41288ca2a3eb9ac7c8cad4ea86ef8d63b69dc46c9b65c2bbd35331ec2a0fc57", size = 1000616, upload-time = "2025-12-02T18:43:49.677Z" },
    { url = "https://files.pythonhosted.org/packages/1a/22/1e557868b9b207d7dbf7706412251b28a82d4b958e007b6f2569d59ada3d/pymongo-4.15.5-cp314-cp314t-macosx_10_15_x86_64.whl", hash = "sha256:552670f0c8bff103656d4e4b1f2c018f789c9de03f7615ed5e547d5b1b83cda0", size = 1086723, upload-time = "2025-12-02T18:43:51.432Z" },
    { url = "https://files.pythonhosted.org/packages/aa/9c/2e24c2da289e1d3b9bc4e0850136a364473bddfbe8b19b33d2bb5d30ee0d/pymongo-4.15.5-cp314-cp314t-macosx_11_0_arm64.whl", hash = "sha256:41891b45f6ff1e23cfd1b7fbe40286664ad4507e2d2aa61c6d8c40eb6e11dded", size = 1086653, upload-time = "2025-12-02T18:43:53.131Z" },
    { url = "https://files.pythonhosted.org/packages/c6/be/4c2460c9ec91a891c754b91914ce700cc46009dae40183a85e26793dfae9/pymongo-4.15.5-cp314-cp314t-manylinux1_i686.manylinux_2_28_i686.manylinux_2_5_i686.whl", hash = "sha256:524a8a593ae2eb1ec6db761daf0c03f98824e9882ab7df3d458d0c76c7ade255", size = 2531627, upload-time = "2025-12-02T18:43:55.141Z" },
    { url = "https://files.pythonhosted.org/packages/a0/48/cea56d04eb6bbd8b8943ff73d7cf26b94f715fccb23cf7ef9a4f853725a0/pymongo-4.15.5-cp314-cp314t-manylinux2014_aarch64.manylinux_2_17_aarch64.manylinux_2_28_aarch64.whl", hash = "sha256:e7ceb35c41b86711a1b284c604e2b944a2d46cb1b8dd3f8b430a9155491378f2", size = 2603767, upload-time = "2025-12-02T18:43:57.188Z" },
    { url = "https://files.pythonhosted.org/packages/d9/ff/6743e351f8e0d5c3f388deb15f0cdbb77d2439eb3fba7ebcdf7878719517/pymongo-4.15.5-cp314-cp314t-manylinux2014_ppc64le.manylinux_2_17_ppc64le.manylinux_2_28_ppc64le.whl", hash = "sha256:3be2336715924be3a861b5e40c634376fd6bfe6dd1892d391566aa5a88a31307", size = 2725216, upload-time = "2025-12-02T18:43:59.463Z" },
    { url = "https://files.pythonhosted.org/packages/d4/90/fa532b6320b3ba61872110ff6f674bd54b54a592c0c64719e4f46852d0b6/pymongo-4.15.5-cp314-cp314t-manylinux2014_s390x.manylinux_2_17_s390x.manylinux_2_28_s390x.whl", hash = "sha256:d65df9c015e33f74ea9d1abf474971abca21e347a660384f8227dbdab75a33ca", size = 2704804, upload-time = "2025-12-02T18:44:01.415Z" },
    { url = "https://files.pythonhosted.org/packages/e1/84/1905c269aced043973b9528d94678e62e2eba249e70490c3c32dc70e2501/pymongo-4.15.5-cp314-cp314t-manylinux2014_x86_64.manylinux_2_17_x86_64.manylinux_2_28_x86_64.whl", hash = "sha256:83c05bea05e151754357f8e6bbb80d5accead5110dc58f64e283173c71ec9de2", size = 2582274, upload-time = "2025-12-02T18:44:03.427Z" },
    { url = "https://files.pythonhosted.org/packages/7e/af/78c13179961e418396ec6ef53c0f1c855f1e9f1176d10909e8345d65366a/pymongo-4.15.5-cp314-cp314t-win32.whl", hash = "sha256:7c285614a3e8570b03174a25db642e449b0e7f77a6c9e487b73b05c9bf228ee6", size = 1044015, upload-time = "2025-12-02T18:44:05.318Z" },
    { url = "https://files.pythonhosted.org/packages/b0/d5/49012f03418dce976124da339f3a6afbe6959cb0468ca6302596fe272926/pymongo-4.15.5-cp314-cp314t-win_amd64.whl", hash = "sha256:aae7d96f7b2b1a2753349130797543e61e93ee2ace8faa7fbe0565e2eb5d815f", size = 1078481, upload-time = "2025-12-02T18:44:07.215Z" },
    { url = "https://files.pythonhosted.org/packages/5e/fc/f352a070d8ff6f388ce344c5ddb82348a38e0d1c99346fa6bfdef07134fe/pymongo-4.15.5-cp314-cp314t-win_arm64.whl", hash = "sha256:576a7d4b99465d38112c72f7f3d345f9d16aeeff0f923a3b298c13e15ab4f0ad", size = 1051166, upload-time = "2025-12-02T18:44:09.048Z" },
]

[[package]]
name = "python-dotenv"
version = "1.2.1"
source = { registry = "https://pypi.org/simple" }
sdist = { url = "https://files.pythonhosted.org/packages/f0/26/19cadc79a718c5edbec86fd4919a6b6d3f681039a2f6d66d14be94e75fb9/python_dotenv-1.2.1.tar.gz", hash = "sha256:42667e897e16ab0d66954af0e60a9caa94f0fd4ecf3aaf6d2d260eec1aa36ad6", size = 44221, upload-time = "2025-10-26T15:12:10.434Z" }
wheels = [
    { url = "https://files.pythonhosted.org/packages/14/1b/a298b06749107c305e1fe0f814c6c74aea7b2f1e10989cb30f544a1b3253/python_dotenv-1.2.1-py3-none-any.whl", hash = "sha256:b81ee9561e9ca4004139c6cbba3a238c32b03e4894671e181b671e8cb8425d61", size = 21230, upload-time = "2025-10-26T15:12:09.109Z" },
]
